
Microsoft Visual Studio Solution File, Format Version 12.00
# Visual Studio 15
VisualStudioVersion = 15.0.28307.1433
MinimumVisualStudioVersion = 10.0.40219.1
Project("{FAE04EC0-301F-11D3-BF4B-00C04F79EFBC}") = "ConsoleAppUI", "ConsoleAppUI\ConsoleAppUI.csproj", "{982B8C31-FFE5-4EEE-B64B-13F317171F1C}"
EndProject
Project("{FAE04EC0-301F-11D3-BF4B-00C04F79EFBC}") = "ClassLibrary", "ClassLibrary\ClassLibrary.csproj", "{6E0BF213-D9AF-4118-8996-3E40530B986D}"
EndProject
Global
	GlobalSection(SolutionConfigurationPlatforms) = preSolution
		Debug|Any CPU = Debug|Any CPU
		Release|Any CPU = Release|Any CPU
	EndGlobalSection
	GlobalSection(ProjectConfigurationPlatforms) = postSolution
		{982B8C31-FFE5-4EEE-B64B-13F317171F1C}.Debug|Any CPU.ActiveCfg = Debug|Any CPU
		{982B8C31-FFE5-4EEE-B64B-13F317171F1C}.Debug|Any CPU.Build.0 = Debug|Any CPU
		{982B8C31-FFE5-4EEE-B64B-13F317171F1C}.Release|Any CPU.ActiveCfg = Release|Any CPU
		{982B8C31-FFE5-4EEE-B64B-13F317171F1C}.Release|Any CPU.Build.0 = Release|Any CPU
		{6E0BF213-D9AF-4118-8996-3E40530B986D}.Debug|Any CPU.ActiveCfg = Debug|Any CPU
		{6E0BF213-D9AF-4118-8996-3E40530B986D}.Debug|Any CPU.Build.0 = Debug|Any CPU
		{6E0BF213-D9AF-4118-8996-3E40530B986D}.Release|Any CPU.ActiveCfg = Release|Any CPU
		{6E0BF213-D9AF-4118-8996-3E40530B986D}.Release|Any CPU.Build.0 = Release|Any CPU
	EndGlobalSection
	GlobalSection(SolutionProperties) = preSolution
		HideSolutionNode = FALSE
	EndGlobalSection
	GlobalSection(ExtensibilityGlobals) = postSolution
		SolutionGuid = {23F67B53-C0FC-4B91-9758-5B47117D6BFD}
	EndGlobalSection
EndGlobal
